
Microsoft Visual Studio Solution File, Format Version 12.00
# Visual Studio Version 16
VisualStudioVersion = 16.0.32428.217
MinimumVisualStudioVersion = 10.0.40219.1
Project("{FAE04EC0-301F-11D3-BF4B-00C04F79EFBC}") = "atividade1.1", "atividade1.1\atividade1.1.csproj", "{693BA36C-2702-4F98-BE7A-B45F4E9E197E}"
EndProject
Global
	GlobalSection(SolutionConfigurationPlatforms) = preSolution
		Debug|Any CPU = Debug|Any CPU
		Release|Any CPU = Release|Any CPU
	EndGlobalSection
	GlobalSection(ProjectConfigurationPlatforms) = postSolution
		{693BA36C-2702-4F98-BE7A-B45F4E9E197E}.Debug|Any CPU.ActiveCfg = Debug|Any CPU
		{693BA36C-2702-4F98-BE7A-B45F4E9E197E}.Debug|Any CPU.Build.0 = Debug|Any CPU
		{693BA36C-2702-4F98-BE7A-B45F4E9E197E}.Release|Any CPU.ActiveCfg = Release|Any CPU
		{693BA36C-2702-4F98-BE7A-B45F4E9E197E}.Release|Any CPU.Build.0 = Release|Any CPU
	EndGlobalSection
	GlobalSection(SolutionProperties) = preSolution
		HideSolutionNode = FALSE
	EndGlobalSection
	GlobalSection(ExtensibilityGlobals) = postSolution
		SolutionGuid = {3CC6B7AF-2965-4FA1-9B28-1130816C2306}
	EndGlobalSection
EndGlobal
